
Microsoft Visual Studio Solution File, Format Version 12.00
# Visual Studio Version 16
VisualStudioVersion = 16.0.29102.190
MinimumVisualStudioVersion = 10.0.40219.1
Project("{FAE04EC0-301F-11D3-BF4B-00C04F79EFBC}") = "CryptoFront", "CryptoFront\CryptoFront.csproj", "{65F72E71-3579-4012-9977-0BD2760411D8}"
EndProject
Global
	GlobalSection(SolutionConfigurationPlatforms) = preSolution
		Debug|Any CPU = Debug|Any CPU
		Release|Any CPU = Release|Any CPU
	EndGlobalSection
	GlobalSection(ProjectConfigurationPlatforms) = postSolution
		{65F72E71-3579-4012-9977-0BD2760411D8}.Debug|Any CPU.ActiveCfg = Debug|Any CPU
		{65F72E71-3579-4012-9977-0BD2760411D8}.Debug|Any CPU.Build.0 = Debug|Any CPU
		{65F72E71-3579-4012-9977-0BD2760411D8}.Release|Any CPU.ActiveCfg = Release|Any CPU
		{65F72E71-3579-4012-9977-0BD2760411D8}.Release|Any CPU.Build.0 = Release|Any CPU
	EndGlobalSection
	GlobalSection(SolutionProperties) = preSolution
		HideSolutionNode = FALSE
	EndGlobalSection
	GlobalSection(ExtensibilityGlobals) = postSolution
		SolutionGuid = {EB4422E5-7442-4834-B1A9-787EA08F0EF1}
	EndGlobalSection
EndGlobal
